
Microsoft Visual Studio Solution File, Format Version 12.00
# Visual Studio Version 17
VisualStudioVersion = 17.1.32328.378
MinimumVisualStudioVersion = 10.0.40219.1
Project("{FAE04EC0-301F-11D3-BF4B-00C04F79EFBC}") = "экз", "экз.csproj", "{1B90181B-7637-4F6B-A678-AF5E1CFDFD84}"
EndProject
Global
	GlobalSection(SolutionConfigurationPlatforms) = preSolution
		Debug|Any CPU = Debug|Any CPU
		Release|Any CPU = Release|Any CPU
	EndGlobalSection
	GlobalSection(ProjectConfigurationPlatforms) = postSolution
		{1B90181B-7637-4F6B-A678-AF5E1CFDFD84}.Debug|Any CPU.ActiveCfg = Debug|Any CPU
		{1B90181B-7637-4F6B-A678-AF5E1CFDFD84}.Debug|Any CPU.Build.0 = Debug|Any CPU
		{1B90181B-7637-4F6B-A678-AF5E1CFDFD84}.Release|Any CPU.ActiveCfg = Release|Any CPU
		{1B90181B-7637-4F6B-A678-AF5E1CFDFD84}.Release|Any CPU.Build.0 = Release|Any CPU
	EndGlobalSection
	GlobalSection(SolutionProperties) = preSolution
		HideSolutionNode = FALSE
	EndGlobalSection
	GlobalSection(ExtensibilityGlobals) = postSolution
		SolutionGuid = {D92E14E7-D8C0-4B7D-8B0A-98F5DB9C6BCF}
	EndGlobalSection
EndGlobal
